
Microsoft Visual Studio Solution File, Format Version 12.00
# Visual Studio Version 17
VisualStudioVersion = 17.5.002.0
MinimumVisualStudioVersion = 10.0.40219.1
Project("{2150E333-8FDC-42A3-9474-1A3956D46DE8}") = "csharp", "csharp", "{21D833C0-050B-4CDF-8A93-E5BFE8825CE6}"
EndProject
Project("{9A19103F-16F7-4668-BE54-9A1E7A4F7556}") = "adventofcode", "csharp\day1\adventofcode.csproj", "{BD854734-3F1B-46A2-BA89-10C445402907}"
EndProject
Project("{9A19103F-16F7-4668-BE54-9A1E7A4F7556}") = "adventofcode (1)", "csharp\day2\adventofcode.csproj", "{B2F01944-6CD0-4179-9571-A61EAE55F597}"
EndProject
Project("{9A19103F-16F7-4668-BE54-9A1E7A4F7556}") = "adventofcode (2)", "csharp\day3\adventofcode.csproj", "{3DF6F6BE-32A5-4CC4-A6F8-1C20F5107FCA}"
EndProject
Project("{9A19103F-16F7-4668-BE54-9A1E7A4F7556}") = "adventofcode (3)", "csharp\day4\adventofcode.csproj", "{46486DB2-EC05-4B5A-BD8A-E3703E3DA20D}"
EndProject
Project("{9A19103F-16F7-4668-BE54-9A1E7A4F7556}") = "adventofcode (4)", "csharp\dayX\adventofcode.csproj", "{951021E1-B8A8-4B06-82D6-E3732D3E84DE}"
EndProject
Project("{9A19103F-16F7-4668-BE54-9A1E7A4F7556}") = "Utils", "csharp\Utils\Utils.csproj", "{9219536B-1AF4-42DA-A02E-90B1D243647E}"
EndProject
Global
	GlobalSection(SolutionConfigurationPlatforms) = preSolution
		Debug|Any CPU = Debug|Any CPU
		Release|Any CPU = Release|Any CPU
	EndGlobalSection
	GlobalSection(ProjectConfigurationPlatforms) = postSolution
		{BD854734-3F1B-46A2-BA89-10C445402907}.Debug|Any CPU.ActiveCfg = Debug|Any CPU
		{BD854734-3F1B-46A2-BA89-10C445402907}.Debug|Any CPU.Build.0 = Debug|Any CPU
		{BD854734-3F1B-46A2-BA89-10C445402907}.Release|Any CPU.ActiveCfg = Release|Any CPU
		{BD854734-3F1B-46A2-BA89-10C445402907}.Release|Any CPU.Build.0 = Release|Any CPU
		{B2F01944-6CD0-4179-9571-A61EAE55F597}.Debug|Any CPU.ActiveCfg = Debug|Any CPU
		{B2F01944-6CD0-4179-9571-A61EAE55F597}.Debug|Any CPU.Build.0 = Debug|Any CPU
		{B2F01944-6CD0-4179-9571-A61EAE55F597}.Release|Any CPU.ActiveCfg = Release|Any CPU
		{B2F01944-6CD0-4179-9571-A61EAE55F597}.Release|Any CPU.Build.0 = Release|Any CPU
		{3DF6F6BE-32A5-4CC4-A6F8-1C20F5107FCA}.Debug|Any CPU.ActiveCfg = Debug|Any CPU
		{3DF6F6BE-32A5-4CC4-A6F8-1C20F5107FCA}.Debug|Any CPU.Build.0 = Debug|Any CPU
		{3DF6F6BE-32A5-4CC4-A6F8-1C20F5107FCA}.Release|Any CPU.ActiveCfg = Release|Any CPU
		{3DF6F6BE-32A5-4CC4-A6F8-1C20F5107FCA}.Release|Any CPU.Build.0 = Release|Any CPU
		{46486DB2-EC05-4B5A-BD8A-E3703E3DA20D}.Debug|Any CPU.ActiveCfg = Debug|Any CPU
		{46486DB2-EC05-4B5A-BD8A-E3703E3DA20D}.Debug|Any CPU.Build.0 = Debug|Any CPU
		{46486DB2-EC05-4B5A-BD8A-E3703E3DA20D}.Release|Any CPU.ActiveCfg = Release|Any CPU
		{46486DB2-EC05-4B5A-BD8A-E3703E3DA20D}.Release|Any CPU.Build.0 = Release|Any CPU
		{951021E1-B8A8-4B06-82D6-E3732D3E84DE}.Debug|Any CPU.ActiveCfg = Debug|Any CPU
		{951021E1-B8A8-4B06-82D6-E3732D3E84DE}.Debug|Any CPU.Build.0 = Debug|Any CPU
		{951021E1-B8A8-4B06-82D6-E3732D3E84DE}.Release|Any CPU.ActiveCfg = Release|Any CPU
		{951021E1-B8A8-4B06-82D6-E3732D3E84DE}.Release|Any CPU.Build.0 = Release|Any CPU
		{9219536B-1AF4-42DA-A02E-90B1D243647E}.Debug|Any CPU.ActiveCfg = Debug|Any CPU
		{9219536B-1AF4-42DA-A02E-90B1D243647E}.Debug|Any CPU.Build.0 = Debug|Any CPU
		{9219536B-1AF4-42DA-A02E-90B1D243647E}.Release|Any CPU.ActiveCfg = Release|Any CPU
		{9219536B-1AF4-42DA-A02E-90B1D243647E}.Release|Any CPU.Build.0 = Release|Any CPU
	EndGlobalSection
	GlobalSection(SolutionProperties) = preSolution
		HideSolutionNode = FALSE
	EndGlobalSection
	GlobalSection(NestedProjects) = preSolution
		{BD854734-3F1B-46A2-BA89-10C445402907} = {21D833C0-050B-4CDF-8A93-E5BFE8825CE6}
		{B2F01944-6CD0-4179-9571-A61EAE55F597} = {21D833C0-050B-4CDF-8A93-E5BFE8825CE6}
		{3DF6F6BE-32A5-4CC4-A6F8-1C20F5107FCA} = {21D833C0-050B-4CDF-8A93-E5BFE8825CE6}
		{46486DB2-EC05-4B5A-BD8A-E3703E3DA20D} = {21D833C0-050B-4CDF-8A93-E5BFE8825CE6}
		{951021E1-B8A8-4B06-82D6-E3732D3E84DE} = {21D833C0-050B-4CDF-8A93-E5BFE8825CE6}
		{9219536B-1AF4-42DA-A02E-90B1D243647E} = {21D833C0-050B-4CDF-8A93-E5BFE8825CE6}
	EndGlobalSection
	GlobalSection(ExtensibilityGlobals) = postSolution
		SolutionGuid = {C60D69FC-E6B3-4DD2-A77E-1687D16682D9}
	EndGlobalSection
EndGlobal
