
Microsoft Visual Studio Solution File, Format Version 12.00
# Visual Studio Version 17
VisualStudioVersion = 17.5.002.0
MinimumVisualStudioVersion = 10.0.40219.1
Project("{2150E333-8FDC-42A3-9474-1A3956D46DE8}") = "csharp", "csharp", "{F9C8DE6D-E09F-4DC7-92FE-C92C22F29F37}"
EndProject
Project("{9A19103F-16F7-4668-BE54-9A1E7A4F7556}") = "adventofcode", "csharp\day1\adventofcode.csproj", "{3F122F0F-E55F-4E02-8E47-4C2053AC1995}"
EndProject
Project("{9A19103F-16F7-4668-BE54-9A1E7A4F7556}") = "adventofcode (1)", "csharp\day2\adventofcode.csproj", "{EE5E8F48-470E-4710-B340-89043AD6B44B}"
EndProject
Project("{9A19103F-16F7-4668-BE54-9A1E7A4F7556}") = "adventofcode (2)", "csharp\day3\adventofcode.csproj", "{885BD3C7-87DE-422B-BBA0-D30377A4D17E}"
EndProject
Project("{9A19103F-16F7-4668-BE54-9A1E7A4F7556}") = "adventofcode (3)", "csharp\day4\adventofcode.csproj", "{68DD7E57-74F9-4682-A11D-89E42455CDBB}"
EndProject
Project("{9A19103F-16F7-4668-BE54-9A1E7A4F7556}") = "adventofcode (4)", "csharp\day5\adventofcode.csproj", "{B8DF5F33-D173-4403-AA5A-77525115705B}"
EndProject
Project("{9A19103F-16F7-4668-BE54-9A1E7A4F7556}") = "adventofcode (5)", "csharp\dayX\adventofcode.csproj", "{BACABCA4-9FAB-4622-A276-B7F61E02D2C9}"
EndProject
Project("{9A19103F-16F7-4668-BE54-9A1E7A4F7556}") = "Utils", "csharp\Utils\Utils.csproj", "{2FF0D436-58A9-4E80-9B96-40D68A62F8EF}"
EndProject
Global
	GlobalSection(SolutionConfigurationPlatforms) = preSolution
		Debug|Any CPU = Debug|Any CPU
		Release|Any CPU = Release|Any CPU
	EndGlobalSection
	GlobalSection(ProjectConfigurationPlatforms) = postSolution
		{3F122F0F-E55F-4E02-8E47-4C2053AC1995}.Debug|Any CPU.ActiveCfg = Debug|Any CPU
		{3F122F0F-E55F-4E02-8E47-4C2053AC1995}.Debug|Any CPU.Build.0 = Debug|Any CPU
		{3F122F0F-E55F-4E02-8E47-4C2053AC1995}.Release|Any CPU.ActiveCfg = Release|Any CPU
		{3F122F0F-E55F-4E02-8E47-4C2053AC1995}.Release|Any CPU.Build.0 = Release|Any CPU
		{EE5E8F48-470E-4710-B340-89043AD6B44B}.Debug|Any CPU.ActiveCfg = Debug|Any CPU
		{EE5E8F48-470E-4710-B340-89043AD6B44B}.Debug|Any CPU.Build.0 = Debug|Any CPU
		{EE5E8F48-470E-4710-B340-89043AD6B44B}.Release|Any CPU.ActiveCfg = Release|Any CPU
		{EE5E8F48-470E-4710-B340-89043AD6B44B}.Release|Any CPU.Build.0 = Release|Any CPU
		{885BD3C7-87DE-422B-BBA0-D30377A4D17E}.Debug|Any CPU.ActiveCfg = Debug|Any CPU
		{885BD3C7-87DE-422B-BBA0-D30377A4D17E}.Debug|Any CPU.Build.0 = Debug|Any CPU
		{885BD3C7-87DE-422B-BBA0-D30377A4D17E}.Release|Any CPU.ActiveCfg = Release|Any CPU
		{885BD3C7-87DE-422B-BBA0-D30377A4D17E}.Release|Any CPU.Build.0 = Release|Any CPU
		{68DD7E57-74F9-4682-A11D-89E42455CDBB}.Debug|Any CPU.ActiveCfg = Debug|Any CPU
		{68DD7E57-74F9-4682-A11D-89E42455CDBB}.Debug|Any CPU.Build.0 = Debug|Any CPU
		{68DD7E57-74F9-4682-A11D-89E42455CDBB}.Release|Any CPU.ActiveCfg = Release|Any CPU
		{68DD7E57-74F9-4682-A11D-89E42455CDBB}.Release|Any CPU.Build.0 = Release|Any CPU
		{B8DF5F33-D173-4403-AA5A-77525115705B}.Debug|Any CPU.ActiveCfg = Debug|Any CPU
		{B8DF5F33-D173-4403-AA5A-77525115705B}.Debug|Any CPU.Build.0 = Debug|Any CPU
		{B8DF5F33-D173-4403-AA5A-77525115705B}.Release|Any CPU.ActiveCfg = Release|Any CPU
		{B8DF5F33-D173-4403-AA5A-77525115705B}.Release|Any CPU.Build.0 = Release|Any CPU
		{BACABCA4-9FAB-4622-A276-B7F61E02D2C9}.Debug|Any CPU.ActiveCfg = Debug|Any CPU
		{BACABCA4-9FAB-4622-A276-B7F61E02D2C9}.Debug|Any CPU.Build.0 = Debug|Any CPU
		{BACABCA4-9FAB-4622-A276-B7F61E02D2C9}.Release|Any CPU.ActiveCfg = Release|Any CPU
		{BACABCA4-9FAB-4622-A276-B7F61E02D2C9}.Release|Any CPU.Build.0 = Release|Any CPU
		{2FF0D436-58A9-4E80-9B96-40D68A62F8EF}.Debug|Any CPU.ActiveCfg = Debug|Any CPU
		{2FF0D436-58A9-4E80-9B96-40D68A62F8EF}.Debug|Any CPU.Build.0 = Debug|Any CPU
		{2FF0D436-58A9-4E80-9B96-40D68A62F8EF}.Release|Any CPU.ActiveCfg = Release|Any CPU
		{2FF0D436-58A9-4E80-9B96-40D68A62F8EF}.Release|Any CPU.Build.0 = Release|Any CPU
	EndGlobalSection
	GlobalSection(SolutionProperties) = preSolution
		HideSolutionNode = FALSE
	EndGlobalSection
	GlobalSection(NestedProjects) = preSolution
		{3F122F0F-E55F-4E02-8E47-4C2053AC1995} = {F9C8DE6D-E09F-4DC7-92FE-C92C22F29F37}
		{EE5E8F48-470E-4710-B340-89043AD6B44B} = {F9C8DE6D-E09F-4DC7-92FE-C92C22F29F37}
		{885BD3C7-87DE-422B-BBA0-D30377A4D17E} = {F9C8DE6D-E09F-4DC7-92FE-C92C22F29F37}
		{68DD7E57-74F9-4682-A11D-89E42455CDBB} = {F9C8DE6D-E09F-4DC7-92FE-C92C22F29F37}
		{B8DF5F33-D173-4403-AA5A-77525115705B} = {F9C8DE6D-E09F-4DC7-92FE-C92C22F29F37}
		{BACABCA4-9FAB-4622-A276-B7F61E02D2C9} = {F9C8DE6D-E09F-4DC7-92FE-C92C22F29F37}
		{2FF0D436-58A9-4E80-9B96-40D68A62F8EF} = {F9C8DE6D-E09F-4DC7-92FE-C92C22F29F37}
	EndGlobalSection
	GlobalSection(ExtensibilityGlobals) = postSolution
		SolutionGuid = {23DE61CD-6EFD-431D-A83E-590D4C19765E}
	EndGlobalSection
EndGlobal
